<Solution>
  <Folder Name="/src/">
    <Project Path="src/TokenEconomy/TokenEconomy.csproj" />
    <Project Path="src/TokenEconomy.Benchmarks/TokenEconomy.Benchmarks.csproj" />
  </Folder>
  <Folder Name="/tests/">
    <Project Path="tests/TokenEconomy.Tests/TokenEconomy.Tests.csproj" />
  </Folder>
</Solution>
